%{"couchbeam": {:git, "https://github.com/benoitc/couchbeam.git", "c16d030fed2ecd91f69a95dcdf7fac1c26b82856", [tag: "1.1.7"]},
  "hackney": {:git, "git://github.com/benoitc/hackney.git", "e7d6be512b08e81dce94e9776f905c23ec0967da", [tag: "1.1.0"]},
  "idna": {:git, "https://github.com/benoitc/erlang-idna", "c80afc2c3120010fd22287a3b2ef2bbbde57ff40", [tag: "1.0.2"]},
  "jsx": {:git, "git://github.com/talentdeficit/jsx.git", "4d549dd8a990e282c3d57c5f73213674c05ebf07", [tag: "v2.1.1"]},
  "oauth": {:git, "git://github.com/refuge/erlang-oauth.git", "80dc24409e023bab82e5350b64622aa8272ea280", [ref: "master"]},
  "ssl_verify_hostname": {:git, "https://github.com/benoitc/ssl_verify_hostname", "640527bfabe656f9522a1116499e0de024084603", [tag: "1.0.3"]}}
